PODS:
  - Alamofire (5.2.2)
  - AlamofireImage (4.1.0):
    - Alamofire (~> 5.1)
  - Markup (2.2)
  - NVActivityIndicatorView/Base (5.0.1)
  - NVActivityIndicatorView/Extended (5.0.1):
    - NVActivityIndicatorView/Base
  - SDWebImage (5.9.2):
    - SDWebImage/Core (= 5.9.2)
  - SDWebImage/Core (5.9.2)

DEPENDENCIES:
  - Alamofire (~> 5.2)
  - AlamofireImage (~> 4.1)
  - Markup
  - NVActivityIndicatorView/Extended
  - SDWebImage (~> 5.0)

SPEC REPOS:
  trunk:
    - Alamofire
    - AlamofireImage
    - Markup
    - NVActivityIndicatorView
    - SDWebImage

SPEC CHECKSUMS:
  Alamofire: 814429acc853c6c54ff123fc3d2ef66803823ce0
  AlamofireImage: c4a2ba349885fb3064feb74d2e547bd42ce9be10
  Markup: 8c29257bd52d0e7ef047e83939102f097b4f8570
  NVActivityIndicatorView: 738e843cb8924e9e4fc3e559d0728031624bf860
  SDWebImage: 0b42b8719ab0c5257177d5894306e8a336b21cbb

PODFILE CHECKSUM: 0d139822adb5540f5a4dd1478b4d6951ea75794d

COCOAPODS: 1.9.3
